{
    "_readme": [
        "This file locks the dependencies of your project to a known state",
        "Read more about it at https://getcomposer.org/doc/01-basic-usage.md#installing-dependencies",
        "This file is @generated automatically"
    ],
    "content-hash": "a7b7fa9d8002faf949e55a6e2dbfc03c",
    "packages": [
        {
            "name": "aziraphale/email-address-validator",
            "version": "2.0.0",
            "source": {
                "type": "git",
                "url": "https://github.com/aziraphale/email-address-validator.git",
                "reference": "484d795f7f86c63cd0750553f94debd8812585f7"
            },
            "dist": {
                "type": "zip",
                "url": "https://api.github.com/repos/aziraphale/email-address-validator/zipball/484d795f7f86c63cd0750553f94debd8812585f7",
                "reference": "484d795f7f86c63cd0750553f94debd8812585f7",
                "shasum": ""
            },
            "type": "library",
            "autoload": {
                "psr-0": {
                    "EmailAddressValidator": ""
                }
            },
            "notification-url": "https://packagist.org/downloads/",
            "license": [
                "MIT"
            ],
            "authors": [
                {
                    "name": "Dave Child",
                    "email": "dave@addedbytes.com"
                },
                {
                    "name": "Andrew Gillard",
                    "email": "andrew@lorddeath.net"
                }
            ],
            "description": "Fork of AddedBytes' PHP EmailAddressValidator script, now with Composer support!",
            "homepage": "https://github.com/aziraphale/email-address-validator",
            "time": "2015-01-03T12:17:43+00:00"
        },
        {
            "name": "eluceo/ical",
            "version": "0.14.0",
            "source": {
                "type": "git",
                "url": "https://github.com/markuspoerschke/iCal.git",
                "reference": "5db245d5521a060129d0f14d154d65f32b804883"
            },
            "dist": {
                "type": "zip",
                "url": "https://api.github.com/repos/markuspoerschke/iCal/zipball/5db245d5521a060129d0f14d154d65f32b804883",
                "reference": "5db245d5521a060129d0f14d154d65f32b804883",
                "shasum": ""
            },
            "require": {
                "php": ">=7.0"
            },
            "require-dev": {
                "phpunit/phpunit": "^6.0"
            },
            "suggest": {
                "ext-mbstring": "Massive performance enhancement of line folding"
            },
            "type": "library",
            "autoload": {
                "psr-4": {
                    "Eluceo\\iCal\\": "src/"
                }
            },
            "notification-url": "https://packagist.org/downloads/",
            "license": [
                "MIT"
            ],
            "authors": [
                {
                    "name": "Markus Poerschke",
                    "email": "markus@eluceo.de",
                    "role": "Developer"
                }
            ],
            "description": "The eluceo/iCal package offers a abstraction layer for creating iCalendars. You can easily create iCal files by using PHP object instead of typing your *.ics file by hand. The output will follow RFC 5545 as best as possible.",
            "homepage": "https://github.com/markuspoerschke/iCal",
            "keywords": [
                "calendar",
                "iCalendar",
                "ical",
                "ics",
                "php calendar"
            ],
            "time": "2018-03-13T19:39:55+00:00"
        },
        {
            "name": "ezyang/htmlpurifier",
            "version": "v4.12.0",
            "source": {
                "type": "git",
                "url": "https://github.com/ezyang/htmlpurifier.git",
                "reference": "a617e55bc62a87eec73bd456d146d134ad716f03"
            },
            "dist": {
                "type": "zip",
                "url": "https://api.github.com/repos/ezyang/htmlpurifier/zipball/a617e55bc62a87eec73bd456d146d134ad716f03",
                "reference": "a617e55bc62a87eec73bd456d146d134ad716f03",
                "shasum": ""
            },
            "require": {
                "php": ">=5.2"
            },
            "require-dev": {
                "simpletest/simpletest": "dev-master#72de02a7b80c6bb8864ef9bf66d41d2f58f826bd"
            },
            "type": "library",
            "autoload": {
                "psr-0": {
                    "HTMLPurifier": "library/"
                },
                "files": [
                    "library/HTMLPurifier.composer.php"
                ]
            },
            "notification-url": "https://packagist.org/downloads/",
            "license": [
                "LGPL-2.1-or-later"
            ],
            "authors": [
                {
                    "name": "Edward Z. Yang",
                    "email": "admin@htmlpurifier.org",
                    "homepage": "http://ezyang.com"
                }
            ],
            "description": "Standards compliant HTML filter written in PHP",
            "homepage": "http://htmlpurifier.org/",
            "keywords": [
                "html"
            ],
            "time": "2019-10-28T03:44:26+00:00"
        },
        {
            "name": "geshi/geshi",
            "version": "v1.0.9.1",
            "source": {
                "type": "git",
                "url": "https://github.com/GeSHi/geshi-1.0.git",
                "reference": "fd22ab78481bf90337862b590e6f7517863926b8"
            },
            "dist": {
                "type": "zip",
                "url": "https://api.github.com/repos/GeSHi/geshi-1.0/zipball/fd22ab78481bf90337862b590e6f7517863926b8",
                "reference": "fd22ab78481bf90337862b590e6f7517863926b8",
                "shasum": ""
            },
            "require-dev": {
                "phpunit/phpunit": "^5.7 || ^6.5 || ^7.5 || ^8.2"
            },
            "type": "library",
            "autoload": {
                "classmap": [
                    "src/geshi/",
                    "src/geshi.php"
                ]
            },
            "notification-url": "https://packagist.org/downloads/",
            "license": [
                "GPL-2.0+"
            ],
            "authors": [
                {
                    "name": "Benny Baumann",
                    "email": "BenBE@geshi.org",
                    "homepage": "http://blog.benny-baumann.de/",
                    "role": "Developer"
                }
            ],
            "description": "Generic Syntax Highlighter",
            "homepage": "http://qbnz.com/highlighter/",
            "time": "2019-10-20T20:54:46+00:00"
        },
        {
            "name": "html2text/html2text",
            "version": "4.2.1",
            "source": {
                "type": "git",
                "url": "https://github.com/mtibben/html2text.git",
                "reference": "f7555eaf271beea4e1098274d3ff37fbb7b21ea7"
            },
            "dist": {
                "type": "zip",
                "url": "https://api.github.com/repos/mtibben/html2text/zipball/f7555eaf271beea4e1098274d3ff37fbb7b21ea7",
                "reference": "f7555eaf271beea4e1098274d3ff37fbb7b21ea7",
                "shasum": ""
            },
            "require-dev": {
                "phpunit/phpunit": "~4"
            },
            "suggest": {
                "ext-mbstring": "For best performance",
                "symfony/polyfill-mbstring": "If you can't install ext-mbstring"
            },
            "type": "library",
            "autoload": {
                "psr-4": {
                    "Html2Text\\": [
                        "src/",
                        "test/"
                    ]
                }
            },
            "notification-url": "https://packagist.org/downloads/",
            "license": [
                "GPL-2.0-or-later"
            ],
            "description": "Converts HTML to formatted plain text",
            "time": "2018-08-13T12:05:08+00:00"
        },
        {
            "name": "james-heinrich/getid3",
            "version": "v1.9.18",
            "source": {
                "type": "git",
                "url": "https://github.com/JamesHeinrich/getID3.git",
                "reference": "0723b77cafe9278618cfb6bc91b75e73705d3de8"
            },
            "dist": {
                "type": "zip",
                "url": "https://api.github.com/repos/JamesHeinrich/getID3/zipball/0723b77cafe9278618cfb6bc91b75e73705d3de8",
                "reference": "0723b77cafe9278618cfb6bc91b75e73705d3de8",
                "shasum": ""
            },
            "require": {
                "php": ">=5.3.0"
            },
            "require-dev": {
                "jakub-onderka/php-parallel-lint": "^0.9 || ^1.0"
            },
            "suggest": {
                "ext-SimpleXML": "SimpleXML extension is required to analyze RIFF/WAV/BWF audio files (also requires `ext-libxml`).",
                "ext-com_dotnet": "COM extension is required when loading files larger than 2GB on Windows.",
                "ext-ctype": "ctype extension is required when loading files larger than 2GB on 32-bit PHP (also on 64-bit PHP on Windows) or executing `getid3_lib::CopyTagsToComments`.",
                "ext-dba": "DBA extension is required to use the DBA database as a cache storage.",
                "ext-exif": "EXIF extension is required for graphic modules.",
                "ext-iconv": "iconv extension is required to work with different character sets (when `ext-mbstring` is not available).",
                "ext-json": "JSON extension is required to analyze Apple Quicktime videos.",
                "ext-libxml": "libxml extension is required to analyze RIFF/WAV/BWF audio files.",
                "ext-mbstring": "mbstring extension is required to work with different character sets.",
                "ext-mysql": "MySQL extension is required to use the MySQL database as a cache storage (deprecated in PHP 5.5, removed in PHP >= 7.0, use `ext-mysqli` instead).",
                "ext-mysqli": "MySQLi extension is required to use the MySQL database as a cache storage.",
                "ext-rar": "RAR extension is required for RAR archive module.",
                "ext-sqlite3": "SQLite3 extension is required to use the SQLite3 database as a cache storage.",
                "ext-xml": "XML extension is required for graphic modules to analyze the XML metadata.",
                "ext-zlib": "Zlib extension is required for archive modules and compressed metadata."
            },
            "type": "library",
            "extra": {
                "branch-alias": {
                    "dev-master": "1.9.x-dev"
                }
            },
            "autoload": {
                "classmap": [
                    "getid3/"
                ]
            },
            "notification-url": "https://packagist.org/downloads/",
            "license": [
                "GPL-1.0-or-later",
                "LGPL-3.0-only",
                "MPL-2.0"
            ],
            "description": "PHP script that extracts useful information from popular multimedia file formats",
            "homepage": "https://www.getid3.org/",
            "keywords": [
                "codecs",
                "php",
                "tags"
            ],
            "time": "2019-09-16T19:08:47+00:00"
        },
        {
            "name": "misd/linkify",
            "version": "v1.1.4",
            "source": {
                "type": "git",
                "url": "https://github.com/misd-service-development/php-linkify.git",
                "reference": "3481b148806a23b4001712de645247a1a4dcc10a"
            },
            "dist": {
                "type": "zip",
                "url": "https://api.github.com/repos/misd-service-development/php-linkify/zipball/3481b148806a23b4001712de645247a1a4dcc10a",
                "reference": "3481b148806a23b4001712de645247a1a4dcc10a",
                "shasum": ""
            },
            "require": {
                "php": ">=5.3.0"
            },
            "require-dev": {
                "phpunit/phpunit": "^4.0 || ^5.0"
            },
            "type": "library",
            "extra": {
                "branch-alias": {
                    "dev-master": "1.1.x-dev"
                }
            },
            "autoload": {
                "psr-4": {
                    "Misd\\Linkify\\": "src/Misd/Linkify"
                }
            },
            "notification-url": "https://packagist.org/downloads/",
            "license": [
                "MIT"
            ],
            "description": "Converts URLs and email addresses in text into HTML links",
            "homepage": "https://github.com/misd-service-development/php-linkify",
            "keywords": [
                "convert",
                "email address",
                "link",
                "url"
            ],
            "time": "2017-08-17T08:33:35+00:00"
        },
        {
            "name": "openpsa/universalfeedcreator",
            "version": "v1.8.3.2",
            "source": {
                "type": "git",
                "url": "https://github.com/flack/UniversalFeedCreator.git",
                "reference": "906745196469b13ceefa6523ef04851a78ad10f4"
            },
            "dist": {
                "type": "zip",
                "url": "https://api.github.com/repos/flack/UniversalFeedCreator/zipball/906745196469b13ceefa6523ef04851a78ad10f4",
                "reference": "906745196469b13ceefa6523ef04851a78ad10f4",
                "shasum": ""
            },
            "require": {
                "php": ">=5.0"
            },
            "require-dev": {
                "phpunit/phpunit": "*"
            },
            "type": "library",
            "autoload": {
                "classmap": [
                    "lib"
                ],
                "files": [
                    "lib/constants.php"
                ]
            },
            "notification-url": "https://packagist.org/downloads/",
            "license": [
                "LGPL-2.1-or-later"
            ],
            "authors": [
                {
                    "name": "Andreas Flack",
                    "email": "flack@contentcontrol-berlin.de",
                    "homepage": "http://www.contentcontrol-berlin.de/"
                }
            ],
            "description": "RSS and Atom feed generator by Kai Blankenhorn",
            "keywords": [
                "atom",
                "georss",
                "gpx",
                "opml",
                "pie",
                "rss"
            ],
            "time": "2019-09-01T17:49:46+00:00"
        },
        {
            "name": "phpclasses/httpclient",
            "version": "1.0.5",
            "dist": {
                "type": "zip",
                "url": "https://www.phpclasses.org/install/package/httpclient.zip"
            },
            "require": {
                "phpclasses/sasl": ">=1.0.0"
            },
            "type": "library",
            "autoload": {
                "classmap": [
                    "http.php",
                    "yahoo_user.php"
                ]
            }
        },
        {
            "name": "phpclasses/oauth-api",
            "version": "1.0.103",
            "dist": {
                "type": "zip",
                "url": "https://www.phpclasses.org/install/package/oauth-api.zip"
            },
            "require": {
                "phpclasses/httpclient": "1.0.5"
            },
            "type": "library",
            "autoload": {
                "classmap": [
                    "oauth_client.php",
                    "mysqli_oauth_client.php",
                    "mysqli_offline_access_to_google.php",
                    "database_oauth_client.php",
                    "cookie_oauth_client.php",
                    "file_oauth_client.php"
                ]
            }
        },
        {
            "name": "phpclasses/sasl",
            "version": "1.0.0",
            "dist": {
                "type": "zip",
                "url": "https://www.phpclasses.org/install/package/sasl.zip"
            },
            "type": "library",
            "autoload": {
                "classmap": [
                    "sasl.php",
                    "plain_sasl_client.php",
                    "login_sasl_client.php",
                    "cram_md5_sasl_client.php",
                    "ntlm_sasl_client.php",
                    "basic_sasl_client.php",
                    "digest_sasl_client.php"
                ]
            }
        },
        {
            "name": "phpmailer/phpmailer",
            "version": "v5.2.27",
            "source": {
                "type": "git",
                "url": "https://github.com/PHPMailer/PHPMailer.git",
                "reference": "dde1db116511aa4956389d75546c5be4c2beb2a6"
            },
            "dist": {
                "type": "zip",
                "url": "https://api.github.com/repos/PHPMailer/PHPMailer/zipball/dde1db116511aa4956389d75546c5be4c2beb2a6",
                "reference": "dde1db116511aa4956389d75546c5be4c2beb2a6",
                "shasum": ""
            },
            "require": {
                "ext-ctype": "*",
                "php": ">=5.0.0"
            },
            "require-dev": {
                "doctrine/annotations": "1.2.*",
                "jms/serializer": "0.16.*",
                "phpdocumentor/phpdocumentor": "2.*",
                "phpunit/phpunit": "4.8.*",
                "symfony/debug": "2.8.*",
                "symfony/filesystem": "2.8.*",
                "symfony/translation": "2.8.*",
                "symfony/yaml": "2.8.*",
                "zendframework/zend-cache": "2.5.1",
                "zendframework/zend-config": "2.5.1",
                "zendframework/zend-eventmanager": "2.5.1",
                "zendframework/zend-filter": "2.5.1",
                "zendframework/zend-i18n": "2.5.1",
                "zendframework/zend-json": "2.5.1",
                "zendframework/zend-math": "2.5.1",
                "zendframework/zend-serializer": "2.5.*",
                "zendframework/zend-servicemanager": "2.5.*",
                "zendframework/zend-stdlib": "2.5.1"
            },
            "suggest": {
                "league/oauth2-google": "Needed for Google XOAUTH2 authentication"
            },
            "type": "library",
            "autoload": {
                "classmap": [
                    "class.phpmailer.php",
                    "class.phpmaileroauth.php",
                    "class.phpmaileroauthgoogle.php",
                    "class.smtp.php",
                    "class.pop3.php",
                    "extras/EasyPeasyICS.php",
                    "extras/ntlm_sasl_client.php"
                ]
            },
            "notification-url": "https://packagist.org/downloads/",
            "license": [
                "LGPL-2.1"
            ],
            "authors": [
                {
                    "name": "Jim Jagielski",
                    "email": "jimjag@gmail.com"
                },
                {
                    "name": "Marcus Bointon",
                    "email": "phpmailer@synchromedia.co.uk"
                },
                {
                    "name": "Andy Prevost",
                    "email": "codeworxtech@users.sourceforge.net"
                },
                {
                    "name": "Brent R. Matzelle"
                }
            ],
            "description": "PHPMailer is a full-featured email creation and transfer class for PHP",
            "time": "2018-11-15T22:32:31+00:00"
        },
        {
            "name": "phpxmlrpc/phpxmlrpc",
            "version": "4.4.1",
            "source": {
                "type": "git",
                "url": "https://github.com/gggeek/phpxmlrpc.git",
                "reference": "3ba5608040e61564cf5e9a1ede98a9b0cf9d060e"
            },
            "dist": {
                "type": "zip",
                "url": "https://api.github.com/repos/gggeek/phpxmlrpc/zipball/3ba5608040e61564cf5e9a1ede98a9b0cf9d060e",
                "reference": "3ba5608040e61564cf5e9a1ede98a9b0cf9d060e",
                "shasum": ""
            },
            "require": {
                "ext-xml": "*",
                "php": ">=5.3.0"
            },
            "require-dev": {
                "codeclimate/php-test-reporter": "dev-master",
                "docbook/docbook-xsl": "~1.78",
                "ext-curl": "*",
                "ext-mbstring": "*",
                "indeyets/pake": "~1.99",
                "phpunit/phpunit": ">=4.0.0, <6.0.0",
                "phpunit/phpunit-selenium": "*",
                "sami/sami": "~3.1"
            },
            "suggest": {
                "ext-curl": "Needed for HTTPS and HTTP 1.1 support, NTLM Auth etc...",
                "ext-mbstring": "Needed to allow reception of requests/responses in character sets other than ASCII,LATIN-1,UTF-8",
                "ext-zlib": "Needed for sending compressed requests and receiving compressed responses, if cURL is not available"
            },
            "type": "library",
            "autoload": {
                "psr-4": {
                    "PhpXmlRpc\\": "src/"
                }
            },
            "notification-url": "https://packagist.org/downloads/",
            "license": [
                "BSD-3-Clause"
            ],
            "description": "A php library for building xmlrpc clients and servers",
            "homepage": "http://gggeek.github.io/phpxmlrpc/",
            "keywords": [
                "webservices",
                "xmlrpc"
            ],
            "time": "2019-07-29T14:20:48+00:00"
        },
        {
            "name": "robthree/twofactorauth",
            "version": "1.6.7",
            "source": {
                "type": "git",
                "url": "https://github.com/RobThree/TwoFactorAuth.git",
                "reference": "3407c33775391fa8c36f7d766f26c5e59a736374"
            },
            "dist": {
                "type": "zip",
                "url": "https://api.github.com/repos/RobThree/TwoFactorAuth/zipball/3407c33775391fa8c36f7d766f26c5e59a736374",
                "reference": "3407c33775391fa8c36f7d766f26c5e59a736374",
                "shasum": ""
            },
            "require": {
                "php": ">=5.3.0"
            },
            "require-dev": {
                "phpunit/phpunit": "@stable"
            },
            "type": "library",
            "autoload": {
                "psr-4": {
                    "RobThree\\Auth\\": "lib"
                }
            },
            "notification-url": "https://packagist.org/downloads/",
            "license": [
                "MIT"
            ],
            "authors": [
                {
                    "name": "Rob Janssen",
                    "homepage": "http://robiii.me",
                    "role": "Developer"
                }
            ],
            "description": "Two Factor Authentication",
            "homepage": "https://github.com/RobThree/TwoFactorAuth",
            "keywords": [
                "Authentication",
                "MFA",
                "Multi Factor Authentication",
                "Two Factor Authentication",
                "authenticator",
                "authy",
                "php",
                "tfa"
            ],
            "time": "2019-06-21T08:51:04+00:00"
        },
        {
            "name": "simplepie/simplepie",
            "version": "1.5.3",
            "source": {
                "type": "git",
                "url": "https://github.com/simplepie/simplepie.git",
                "reference": "173663382a9346acd53df60c7ffb20689c9cf1f6"
            },
            "dist": {
                "type": "zip",
                "url": "https://api.github.com/repos/simplepie/simplepie/zipball/173663382a9346acd53df60c7ffb20689c9cf1f6",
                "reference": "173663382a9346acd53df60c7ffb20689c9cf1f6",
                "shasum": ""
            },
            "require": {
                "ext-pcre": "*",
                "ext-xml": "*",
                "ext-xmlreader": "*",
                "php": ">=5.6.0"
            },
            "require-dev": {
                "phpunit/phpunit": "~5.4.3 || ~6.5"
            },
            "suggest": {
                "ext-curl": "",
                "ext-iconv": "",
                "ext-intl": "",
                "ext-mbstring": "",
                "mf2/mf2": "Microformat module that allows for parsing HTML for microformats"
            },
            "type": "library",
            "autoload": {
                "psr-0": {
                    "SimplePie": "library"
                }
            },
            "notification-url": "https://packagist.org/downloads/",
            "license": [
                "BSD-3-Clause"
            ],
            "authors": [
                {
                    "name": "Ryan Parman",
                    "homepage": "http://ryanparman.com/",
                    "role": "Creator, alumnus developer"
                },
                {
                    "name": "Geoffrey Sneddon",
                    "homepage": "http://gsnedders.com/",
                    "role": "Alumnus developer"
                },
                {
                    "name": "Ryan McCue",
                    "email": "me@ryanmccue.info",
                    "homepage": "http://ryanmccue.info/",
                    "role": "Developer"
                }
            ],
            "description": "A simple Atom/RSS parsing library for PHP",
            "homepage": "http://simplepie.org/",
            "keywords": [
                "atom",
                "feeds",
                "rss"
            ],
            "time": "2019-09-22T23:21:30+00:00"
        },
        {
            "name": "splitbrain/php-archive",
            "version": "1.1.1",
            "source": {
                "type": "git",
                "url": "https://github.com/splitbrain/php-archive.git",
                "reference": "10d89013572ba1f4d4ad7fcb74860242f4c3860b"
            },
            "dist": {
                "type": "zip",
                "url": "https://api.github.com/repos/splitbrain/php-archive/zipball/10d89013572ba1f4d4ad7fcb74860242f4c3860b",
                "reference": "10d89013572ba1f4d4ad7fcb74860242f4c3860b",
                "shasum": ""
            },
            "require": {
                "php": ">=5.4"
            },
            "require-dev": {
                "ext-bz2": "*",
                "ext-zip": "*",
                "mikey179/vfsstream": "^1.6",
                "phpunit/phpunit": "^4.8"
            },
            "suggest": {
                "ext-iconv": "Used for proper filename encode handling",
                "ext-mbstring": "Can be used alternatively for handling filename encoding"
            },
            "type": "library",
            "autoload": {
                "psr-4": {
                    "splitbrain\\PHPArchive\\": "src"
                }
            },
            "notification-url": "https://packagist.org/downloads/",
            "license": [
                "MIT"
            ],
            "authors": [
                {
                    "name": "Andreas Gohr",
                    "email": "andi@splitbrain.org"
                }
            ],
            "description": "Pure-PHP implementation to read and write TAR and ZIP archives",
            "keywords": [
                "archive",
                "extract",
                "tar",
                "unpack",
                "unzip",
                "zip"
            ],
            "time": "2018-09-09T12:13:53+00:00"
        }
    ],
    "packages-dev": [],
    "aliases": [],
    "minimum-stability": "stable",
    "stability-flags": [],
    "prefer-stable": false,
    "prefer-lowest": false,
    "platform": [],
    "platform-dev": []
}
