{
    "_readme": [
        "This file locks the dependencies of your project to a known state",
        "Read more about it at https://getcomposer.org/doc/01-basic-usage.md#installing-dependencies",
        "This file is @generated automatically"
    ],
    "content-hash": "065ff60542abe7dacfa6e77aa1875b45",
    "packages": [
        {
            "name": "aziraphale/email-address-validator",
            "version": "2.0.0",
            "source": {
                "type": "git",
                "url": "https://github.com/aziraphale/email-address-validator.git",
                "reference": "484d795f7f86c63cd0750553f94debd8812585f7"
            },
            "dist": {
                "type": "zip",
                "url": "https://api.github.com/repos/aziraphale/email-address-validator/zipball/484d795f7f86c63cd0750553f94debd8812585f7",
                "reference": "484d795f7f86c63cd0750553f94debd8812585f7",
                "shasum": ""
            },
            "type": "library",
            "autoload": {
                "psr-0": {
                    "EmailAddressValidator": ""
                }
            },
            "notification-url": "https://packagist.org/downloads/",
            "license": [
                "MIT"
            ],
            "authors": [
                {
                    "name": "Dave Child",
                    "email": "dave@addedbytes.com"
                },
                {
                    "name": "Andrew Gillard",
                    "email": "andrew@lorddeath.net"
                }
            ],
            "description": "Fork of AddedBytes' PHP EmailAddressValidator script, now with Composer support!",
            "homepage": "https://github.com/aziraphale/email-address-validator",
            "time": "2015-01-03T12:17:43+00:00"
        },
        {
            "name": "doctrine/cache",
            "version": "v1.8.0",
            "source": {
                "type": "git",
                "url": "https://github.com/doctrine/cache.git",
                "reference": "d768d58baee9a4862ca783840eca1b9add7a7f57"
            },
            "dist": {
                "type": "zip",
                "url": "https://api.github.com/repos/doctrine/cache/zipball/d768d58baee9a4862ca783840eca1b9add7a7f57",
                "reference": "d768d58baee9a4862ca783840eca1b9add7a7f57",
                "shasum": ""
            },
            "require": {
                "php": "~7.1"
            },
            "conflict": {
                "doctrine/common": ">2.2,<2.4"
            },
            "require-dev": {
                "alcaeus/mongo-php-adapter": "^1.1",
                "doctrine/coding-standard": "^4.0",
                "mongodb/mongodb": "^1.1",
                "phpunit/phpunit": "^7.0",
                "predis/predis": "~1.0"
            },
            "suggest": {
                "alcaeus/mongo-php-adapter": "Required to use legacy MongoDB driver"
            },
            "type": "library",
            "extra": {
                "branch-alias": {
                    "dev-master": "1.8.x-dev"
                }
            },
            "autoload": {
                "psr-4": {
                    "Doctrine\\Common\\Cache\\": "lib/Doctrine/Common/Cache"
                }
            },
            "notification-url": "https://packagist.org/downloads/",
            "license": [
                "MIT"
            ],
            "authors": [
                {
                    "name": "Roman Borschel",
                    "email": "roman@code-factory.org"
                },
                {
                    "name": "Benjamin Eberlei",
                    "email": "kontakt@beberlei.de"
                },
                {
                    "name": "Guilherme Blanco",
                    "email": "guilhermeblanco@gmail.com"
                },
                {
                    "name": "Jonathan Wage",
                    "email": "jonwage@gmail.com"
                },
                {
                    "name": "Johannes Schmitt",
                    "email": "schmittjoh@gmail.com"
                }
            ],
            "description": "Caching library offering an object-oriented API for many cache backends",
            "homepage": "https://www.doctrine-project.org",
            "keywords": [
                "cache",
                "caching"
            ],
            "time": "2018-08-21T18:01:43+00:00"
        },
        {
            "name": "doctrine/dbal",
            "version": "v2.9.2",
            "source": {
                "type": "git",
                "url": "https://github.com/doctrine/dbal.git",
                "reference": "22800bd651c1d8d2a9719e2a3dc46d5108ebfcc9"
            },
            "dist": {
                "type": "zip",
                "url": "https://api.github.com/repos/doctrine/dbal/zipball/22800bd651c1d8d2a9719e2a3dc46d5108ebfcc9",
                "reference": "22800bd651c1d8d2a9719e2a3dc46d5108ebfcc9",
                "shasum": ""
            },
            "require": {
                "doctrine/cache": "^1.0",
                "doctrine/event-manager": "^1.0",
                "ext-pdo": "*",
                "php": "^7.1"
            },
            "require-dev": {
                "doctrine/coding-standard": "^5.0",
                "jetbrains/phpstorm-stubs": "^2018.1.2",
                "phpstan/phpstan": "^0.10.1",
                "phpunit/phpunit": "^7.4",
                "symfony/console": "^2.0.5|^3.0|^4.0",
                "symfony/phpunit-bridge": "^3.4.5|^4.0.5"
            },
            "suggest": {
                "symfony/console": "For helpful console commands such as SQL execution and import of files."
            },
            "bin": [
                "bin/doctrine-dbal"
            ],
            "type": "library",
            "extra": {
                "branch-alias": {
                    "dev-master": "2.9.x-dev",
                    "dev-develop": "3.0.x-dev"
                }
            },
            "autoload": {
                "psr-4": {
                    "Doctrine\\DBAL\\": "lib/Doctrine/DBAL"
                }
            },
            "notification-url": "https://packagist.org/downloads/",
            "license": [
                "MIT"
            ],
            "authors": [
                {
                    "name": "Roman Borschel",
                    "email": "roman@code-factory.org"
                },
                {
                    "name": "Benjamin Eberlei",
                    "email": "kontakt@beberlei.de"
                },
                {
                    "name": "Guilherme Blanco",
                    "email": "guilhermeblanco@gmail.com"
                },
                {
                    "name": "Jonathan Wage",
                    "email": "jonwage@gmail.com"
                }
            ],
            "description": "Powerful PHP database abstraction layer (DBAL) with many features for database schema introspection and management.",
            "homepage": "https://www.doctrine-project.org/projects/dbal.html",
            "keywords": [
                "abstraction",
                "database",
                "dbal",
                "mysql",
                "persistence",
                "pgsql",
                "php",
                "queryobject"
            ],
            "time": "2018-12-31T03:27:51+00:00"
        },
        {
            "name": "doctrine/event-manager",
            "version": "v1.0.0",
            "source": {
                "type": "git",
                "url": "https://github.com/doctrine/event-manager.git",
                "reference": "a520bc093a0170feeb6b14e9d83f3a14452e64b3"
            },
            "dist": {
                "type": "zip",
                "url": "https://api.github.com/repos/doctrine/event-manager/zipball/a520bc093a0170feeb6b14e9d83f3a14452e64b3",
                "reference": "a520bc093a0170feeb6b14e9d83f3a14452e64b3",
                "shasum": ""
            },
            "require": {
                "php": "^7.1"
            },
            "conflict": {
                "doctrine/common": "<2.9@dev"
            },
            "require-dev": {
                "doctrine/coding-standard": "^4.0",
                "phpunit/phpunit": "^7.0"
            },
            "type": "library",
            "extra": {
                "branch-alias": {
                    "dev-master": "1.0.x-dev"
                }
            },
            "autoload": {
                "psr-4": {
                    "Doctrine\\Common\\": "lib/Doctrine/Common"
                }
            },
            "notification-url": "https://packagist.org/downloads/",
            "license": [
                "MIT"
            ],
            "authors": [
                {
                    "name": "Roman Borschel",
                    "email": "roman@code-factory.org"
                },
                {
                    "name": "Benjamin Eberlei",
                    "email": "kontakt@beberlei.de"
                },
                {
                    "name": "Guilherme Blanco",
                    "email": "guilhermeblanco@gmail.com"
                },
                {
                    "name": "Jonathan Wage",
                    "email": "jonwage@gmail.com"
                },
                {
                    "name": "Johannes Schmitt",
                    "email": "schmittjoh@gmail.com"
                },
                {
                    "name": "Marco Pivetta",
                    "email": "ocramius@gmail.com"
                }
            ],
            "description": "Doctrine Event Manager component",
            "homepage": "https://www.doctrine-project.org/projects/event-manager.html",
            "keywords": [
                "event",
                "eventdispatcher",
                "eventmanager"
            ],
            "time": "2018-06-11T11:59:03+00:00"
        },
        {
            "name": "eluceo/ical",
            "version": "0.14.0",
            "source": {
                "type": "git",
                "url": "https://github.com/markuspoerschke/iCal.git",
                "reference": "5db245d5521a060129d0f14d154d65f32b804883"
            },
            "dist": {
                "type": "zip",
                "url": "https://api.github.com/repos/markuspoerschke/iCal/zipball/5db245d5521a060129d0f14d154d65f32b804883",
                "reference": "5db245d5521a060129d0f14d154d65f32b804883",
                "shasum": ""
            },
            "require": {
                "php": ">=7.0"
            },
            "require-dev": {
                "phpunit/phpunit": "^6.0"
            },
            "suggest": {
                "ext-mbstring": "Massive performance enhancement of line folding"
            },
            "type": "library",
            "autoload": {
                "psr-4": {
                    "Eluceo\\iCal\\": "src/"
                }
            },
            "notification-url": "https://packagist.org/downloads/",
            "license": [
                "MIT"
            ],
            "authors": [
                {
                    "name": "Markus Poerschke",
                    "email": "markus@eluceo.de",
                    "role": "Developer"
                }
            ],
            "description": "The eluceo/iCal package offers a abstraction layer for creating iCalendars. You can easily create iCal files by using PHP object instead of typing your *.ics file by hand. The output will follow RFC 5545 as best as possible.",
            "homepage": "https://github.com/markuspoerschke/iCal",
            "keywords": [
                "calendar",
                "iCalendar",
                "ical",
                "ics",
                "php calendar"
            ],
            "time": "2018-03-13T19:39:55+00:00"
        },
        {
            "name": "ezyang/htmlpurifier",
            "version": "v4.10.0",
            "source": {
                "type": "git",
                "url": "https://github.com/ezyang/htmlpurifier.git",
                "reference": "d85d39da4576a6934b72480be6978fb10c860021"
            },
            "dist": {
                "type": "zip",
                "url": "https://api.github.com/repos/ezyang/htmlpurifier/zipball/d85d39da4576a6934b72480be6978fb10c860021",
                "reference": "d85d39da4576a6934b72480be6978fb10c860021",
                "shasum": ""
            },
            "require": {
                "php": ">=5.2"
            },
            "require-dev": {
                "simpletest/simpletest": "^1.1"
            },
            "type": "library",
            "autoload": {
                "psr-0": {
                    "HTMLPurifier": "library/"
                },
                "files": [
                    "library/HTMLPurifier.composer.php"
                ]
            },
            "notification-url": "https://packagist.org/downloads/",
            "license": [
                "LGPL"
            ],
            "authors": [
                {
                    "name": "Edward Z. Yang",
                    "email": "admin@htmlpurifier.org",
                    "homepage": "http://ezyang.com"
                }
            ],
            "description": "Standards compliant HTML filter written in PHP",
            "homepage": "http://htmlpurifier.org/",
            "keywords": [
                "html"
            ],
            "time": "2018-02-23T01:58:20+00:00"
        },
        {
            "name": "filp/whoops",
            "version": "2.3.1",
            "source": {
                "type": "git",
                "url": "https://github.com/filp/whoops.git",
                "reference": "bc0fd11bc455cc20ee4b5edabc63ebbf859324c7"
            },
            "dist": {
                "type": "zip",
                "url": "https://api.github.com/repos/filp/whoops/zipball/bc0fd11bc455cc20ee4b5edabc63ebbf859324c7",
                "reference": "bc0fd11bc455cc20ee4b5edabc63ebbf859324c7",
                "shasum": ""
            },
            "require": {
                "php": "^5.5.9 || ^7.0",
                "psr/log": "^1.0.1"
            },
            "require-dev": {
                "mockery/mockery": "^0.9 || ^1.0",
                "phpunit/phpunit": "^4.8.35 || ^5.7",
                "symfony/var-dumper": "^2.6 || ^3.0 || ^4.0"
            },
            "suggest": {
                "symfony/var-dumper": "Pretty print complex values better with var-dumper available",
                "whoops/soap": "Formats errors as SOAP responses"
            },
            "type": "library",
            "extra": {
                "branch-alias": {
                    "dev-master": "2.2-dev"
                }
            },
            "autoload": {
                "psr-4": {
                    "Whoops\\": "src/Whoops/"
                }
            },
            "notification-url": "https://packagist.org/downloads/",
            "license": [
                "MIT"
            ],
            "authors": [
                {
                    "name": "Filipe Dobreira",
                    "homepage": "https://github.com/filp",
                    "role": "Developer"
                }
            ],
            "description": "php error handling for cool kids",
            "homepage": "https://filp.github.io/whoops/",
            "keywords": [
                "error",
                "exception",
                "handling",
                "library",
                "throwable",
                "whoops"
            ],
            "time": "2018-10-23T09:00:00+00:00"
        },
        {
            "name": "html2text/html2text",
            "version": "4.2.1",
            "source": {
                "type": "git",
                "url": "https://github.com/mtibben/html2text.git",
                "reference": "f7555eaf271beea4e1098274d3ff37fbb7b21ea7"
            },
            "dist": {
                "type": "zip",
                "url": "https://api.github.com/repos/mtibben/html2text/zipball/f7555eaf271beea4e1098274d3ff37fbb7b21ea7",
                "reference": "f7555eaf271beea4e1098274d3ff37fbb7b21ea7",
                "shasum": ""
            },
            "require-dev": {
                "phpunit/phpunit": "~4"
            },
            "suggest": {
                "ext-mbstring": "For best performance",
                "symfony/polyfill-mbstring": "If you can't install ext-mbstring"
            },
            "type": "library",
            "autoload": {
                "psr-4": {
                    "Html2Text\\": [
                        "src/",
                        "test/"
                    ]
                }
            },
            "notification-url": "https://packagist.org/downloads/",
            "license": [
                "GPL-2.0-or-later"
            ],
            "description": "Converts HTML to formatted plain text",
            "time": "2018-08-13T12:05:08+00:00"
        },
        {
            "name": "james-heinrich/getid3",
            "version": "v1.9.16",
            "source": {
                "type": "git",
                "url": "https://github.com/JamesHeinrich/getID3.git",
                "reference": "7aec0d4f5fc156612f71e415d07996aee6ab8d82"
            },
            "dist": {
                "type": "zip",
                "url": "https://api.github.com/repos/JamesHeinrich/getID3/zipball/7aec0d4f5fc156612f71e415d07996aee6ab8d82",
                "reference": "7aec0d4f5fc156612f71e415d07996aee6ab8d82",
                "shasum": ""
            },
            "require": {
                "php": ">=5.3.0"
            },
            "require-dev": {
                "jakub-onderka/php-parallel-lint": "^0.9 || ^1.0"
            },
            "suggest": {
                "ext-SimpleXML": "SimpleXML extension is required to analyze RIFF/WAV/BWF audio files (also requires `ext-libxml`).",
                "ext-com_dotnet": "COM extension is required when loading files larger than 2GB on Windows.",
                "ext-ctype": "ctype extension is required when loading files larger than 2GB on 32-bit PHP (also on 64-bit PHP on Windows) or executing `getid3_lib::CopyTagsToComments`.",
                "ext-dba": "DBA extension is required to use the DBA database as a cache storage.",
                "ext-exif": "EXIF extension is required for graphic modules.",
                "ext-iconv": "iconv extension is required to work with different character sets (when `ext-mbstring` is not available).",
                "ext-json": "JSON extension is required to analyze Apple Quicktime videos.",
                "ext-libxml": "libxml extension is required to analyze RIFF/WAV/BWF audio files.",
                "ext-mbstring": "mbstring extension is required to work with different character sets.",
                "ext-mysql": "MySQL extension is required to use the MySQL database as a cache storage (deprecated in PHP 5.5, removed in PHP >= 7.0, use `ext-mysqli` instead).",
                "ext-mysqli": "MySQLi extension is required to use the MySQL database as a cache storage.",
                "ext-rar": "RAR extension is required for RAR archive module.",
                "ext-sqlite3": "SQLite3 extension is required to use the SQLite3 database as a cache storage.",
                "ext-xml": "XML extension is required for graphic modules to analyze the XML metadata.",
                "ext-zlib": "Zlib extension is required for archive modules and compressed metadata."
            },
            "type": "library",
            "extra": {
                "branch-alias": {
                    "dev-master": "1.9.x-dev"
                }
            },
            "autoload": {
                "classmap": [
                    "getid3/"
                ]
            },
            "notification-url": "https://packagist.org/downloads/",
            "license": [
                "GPL-1.0-or-later",
                "LGPL-3.0-only",
                "MPL-2.0"
            ],
            "description": "PHP script that extracts useful information from popular multimedia file formats",
            "homepage": "https://www.getid3.org/",
            "keywords": [
                "codecs",
                "php",
                "tags"
            ],
            "time": "2018-10-17T17:19:36+00:00"
        },
        {
            "name": "misd/linkify",
            "version": "v1.1.4",
            "source": {
                "type": "git",
                "url": "https://github.com/misd-service-development/php-linkify.git",
                "reference": "3481b148806a23b4001712de645247a1a4dcc10a"
            },
            "dist": {
                "type": "zip",
                "url": "https://api.github.com/repos/misd-service-development/php-linkify/zipball/3481b148806a23b4001712de645247a1a4dcc10a",
                "reference": "3481b148806a23b4001712de645247a1a4dcc10a",
                "shasum": ""
            },
            "require": {
                "php": ">=5.3.0"
            },
            "require-dev": {
                "phpunit/phpunit": "^4.0 || ^5.0"
            },
            "type": "library",
            "extra": {
                "branch-alias": {
                    "dev-master": "1.1.x-dev"
                }
            },
            "autoload": {
                "psr-4": {
                    "Misd\\Linkify\\": "src/Misd/Linkify"
                }
            },
            "notification-url": "https://packagist.org/downloads/",
            "license": [
                "MIT"
            ],
            "description": "Converts URLs and email addresses in text into HTML links",
            "homepage": "https://github.com/misd-service-development/php-linkify",
            "keywords": [
                "convert",
                "email address",
                "link",
                "url"
            ],
            "time": "2017-08-17T08:33:35+00:00"
        },
        {
            "name": "monolog/monolog",
            "version": "1.24.0",
            "source": {
                "type": "git",
                "url": "https://github.com/Seldaek/monolog.git",
                "reference": "bfc9ebb28f97e7a24c45bdc3f0ff482e47bb0266"
            },
            "dist": {
                "type": "zip",
                "url": "https://api.github.com/repos/Seldaek/monolog/zipball/bfc9ebb28f97e7a24c45bdc3f0ff482e47bb0266",
                "reference": "bfc9ebb28f97e7a24c45bdc3f0ff482e47bb0266",
                "shasum": ""
            },
            "require": {
                "php": ">=5.3.0",
                "psr/log": "~1.0"
            },
            "provide": {
                "psr/log-implementation": "1.0.0"
            },
            "require-dev": {
                "aws/aws-sdk-php": "^2.4.9 || ^3.0",
                "doctrine/couchdb": "~1.0@dev",
                "graylog2/gelf-php": "~1.0",
                "jakub-onderka/php-parallel-lint": "0.9",
                "php-amqplib/php-amqplib": "~2.4",
                "php-console/php-console": "^3.1.3",
                "phpunit/phpunit": "~4.5",
                "phpunit/phpunit-mock-objects": "2.3.0",
                "ruflin/elastica": ">=0.90 <3.0",
                "sentry/sentry": "^0.13",
                "swiftmailer/swiftmailer": "^5.3|^6.0"
            },
            "suggest": {
                "aws/aws-sdk-php": "Allow sending log messages to AWS services like DynamoDB",
                "doctrine/couchdb": "Allow sending log messages to a CouchDB server",
                "ext-amqp": "Allow sending log messages to an AMQP server (1.0+ required)",
                "ext-mongo": "Allow sending log messages to a MongoDB server",
                "graylog2/gelf-php": "Allow sending log messages to a GrayLog2 server",
                "mongodb/mongodb": "Allow sending log messages to a MongoDB server via PHP Driver",
                "php-amqplib/php-amqplib": "Allow sending log messages to an AMQP server using php-amqplib",
                "php-console/php-console": "Allow sending log messages to Google Chrome",
                "rollbar/rollbar": "Allow sending log messages to Rollbar",
                "ruflin/elastica": "Allow sending log messages to an Elastic Search server",
                "sentry/sentry": "Allow sending log messages to a Sentry server"
            },
            "type": "library",
            "extra": {
                "branch-alias": {
                    "dev-master": "2.0.x-dev"
                }
            },
            "autoload": {
                "psr-4": {
                    "Monolog\\": "src/Monolog"
                }
            },
            "notification-url": "https://packagist.org/downloads/",
            "license": [
                "MIT"
            ],
            "authors": [
                {
                    "name": "Jordi Boggiano",
                    "email": "j.boggiano@seld.be",
                    "homepage": "http://seld.be"
                }
            ],
            "description": "Sends your logs to files, sockets, inboxes, databases and various web services",
            "homepage": "http://github.com/Seldaek/monolog",
            "keywords": [
                "log",
                "logging",
                "psr-3"
            ],
            "time": "2018-11-05T09:00:11+00:00"
        },
        {
            "name": "openpsa/universalfeedcreator",
            "version": "v1.8.3.1",
            "source": {
                "type": "git",
                "url": "https://github.com/flack/UniversalFeedCreator.git",
                "reference": "cc22b97d0c6cbfb41b505445bd9a1d5767166bf0"
            },
            "dist": {
                "type": "zip",
                "url": "https://api.github.com/repos/flack/UniversalFeedCreator/zipball/cc22b97d0c6cbfb41b505445bd9a1d5767166bf0",
                "reference": "cc22b97d0c6cbfb41b505445bd9a1d5767166bf0",
                "shasum": ""
            },
            "require": {
                "php": ">=5.0"
            },
            "require-dev": {
                "phpunit/phpunit": "*"
            },
            "type": "library",
            "autoload": {
                "classmap": [
                    "lib"
                ]
            },
            "notification-url": "https://packagist.org/downloads/",
            "license": [
                "LGPL"
            ],
            "authors": [
                {
                    "name": "Andreas Flack",
                    "email": "flack@contentcontrol-berlin.de",
                    "homepage": "http://www.contentcontrol-berlin.de/"
                }
            ],
            "description": "RSS and Atom feed generator by Kai Blankenhorn",
            "keywords": [
                "atom",
                "georss",
                "gpx",
                "opml",
                "pie",
                "rss"
            ],
            "time": "2018-10-03T17:23:08+00:00"
        },
        {
            "name": "phpclasses/httpclient",
            "version": "1.0.5",
            "dist": {
                "type": "zip",
                "url": "https://www.phpclasses.org/install/package/httpclient.zip",
                "reference": null,
                "shasum": null
            },
            "require": {
                "phpclasses/sasl": ">=1.0.0"
            },
            "type": "library",
            "autoload": {
                "classmap": [
                    "http.php",
                    "yahoo_user.php"
                ]
            }
        },
        {
            "name": "phpclasses/oauth-api",
            "version": "1.0.103",
            "dist": {
                "type": "zip",
                "url": "https://www.phpclasses.org/install/package/oauth-api.zip",
                "reference": null,
                "shasum": null
            },
            "require": {
                "phpclasses/httpclient": "1.0.5"
            },
            "type": "library",
            "autoload": {
                "classmap": [
                    "oauth_client.php",
                    "mysqli_oauth_client.php",
                    "mysqli_offline_access_to_google.php",
                    "database_oauth_client.php",
                    "cookie_oauth_client.php",
                    "file_oauth_client.php"
                ]
            }
        },
        {
            "name": "phpclasses/sasl",
            "version": "1.0.0",
            "dist": {
                "type": "zip",
                "url": "https://www.phpclasses.org/install/package/sasl.zip",
                "reference": null,
                "shasum": null
            },
            "type": "library",
            "autoload": {
                "classmap": [
                    "sasl.php",
                    "plain_sasl_client.php",
                    "login_sasl_client.php",
                    "cram_md5_sasl_client.php",
                    "ntlm_sasl_client.php",
                    "basic_sasl_client.php",
                    "digest_sasl_client.php"
                ]
            }
        },
        {
            "name": "phpfastcache/phpfastcache",
            "version": "7.0.3",
            "source": {
                "type": "git",
                "url": "https://github.com/PHPSocialNetwork/phpfastcache.git",
                "reference": "2b53685853ff7662faf8b314c22ee62801323e2e"
            },
            "dist": {
                "type": "zip",
                "url": "https://api.github.com/repos/PHPSocialNetwork/phpfastcache/zipball/2b53685853ff7662faf8b314c22ee62801323e2e",
                "reference": "2b53685853ff7662faf8b314c22ee62801323e2e",
                "shasum": ""
            },
            "require": {
                "ext-json": "*",
                "ext-mbstring": "*",
                "php": ">=7.0",
                "psr/cache": "~1.0.0",
                "psr/simple-cache": "~1.0.0"
            },
            "conflict": {
                "basho/riak": "*",
                "doctrine/couchdb": "*"
            },
            "suggest": {
                "ext-apc": "*",
                "ext-couchbase": "*",
                "ext-intl": "*",
                "ext-leveldb": "*",
                "ext-memcache": "*",
                "ext-memcached": "*",
                "ext-redis": "*",
                "ext-sqlite": "*",
                "ext-wincache": "*",
                "ext-xcache": "*",
                "mongodb/mongodb": "^1.1",
                "phpfastcache/couchdb": "~1.0.0",
                "phpfastcache/phpssdb": "~1.0.0",
                "phpfastcache/riak-client": "~1.4.4",
                "predis/predis": "~1.1.0"
            },
            "type": "library",
            "autoload": {
                "psr-4": {
                    "Phpfastcache\\": "lib/Phpfastcache/"
                }
            },
            "notification-url": "https://packagist.org/downloads/",
            "license": [
                "MIT"
            ],
            "authors": [
                {
                    "name": "Georges.L",
                    "email": "contact@geolim4.com",
                    "homepage": "https://github.com/Geolim4",
                    "role": "Actual Project Manager/Developer"
                },
                {
                    "name": "Khoa Bui",
                    "email": "khoaofgod@gmail.com",
                    "homepage": "https://www.phpfastcache.com",
                    "role": "Former Project Developer/Original Creator"
                }
            ],
            "description": "PHP Abstract Cache Class - Reduce your database call using cache system. PhpFastCache handles a lot of drivers such as Apc(u), Cassandra, CouchBase, Couchdb, Mongodb, Files, (P)redis, Leveldb, Memcache(d), Ssdb, Sqlite, Wincache, Xcache, Zend Data Cache.",
            "homepage": "https://www.phpfastcache.com",
            "keywords": [
                "LevelDb",
                "abstract",
                "apc",
                "apcu",
                "cache",
                "cache class",
                "caching",
                "cassandra",
                "cookie",
                "couchbase",
                "couchdb",
                "files cache",
                "memcache",
                "memcached",
                "mongodb",
                "mysql cache",
                "pdo cache",
                "php cache",
                "predis",
                "redis",
                "ssdb",
                "wincache",
                "xcache",
                "zend",
                "zend data cache",
                "zend disk cache",
                "zend memory cache",
                "zend server"
            ],
            "time": "2018-09-05T20:45:26+00:00"
        },
        {
            "name": "phpmailer/phpmailer",
            "version": "v5.2.27",
            "source": {
                "type": "git",
                "url": "https://github.com/PHPMailer/PHPMailer.git",
                "reference": "dde1db116511aa4956389d75546c5be4c2beb2a6"
            },
            "dist": {
                "type": "zip",
                "url": "https://api.github.com/repos/PHPMailer/PHPMailer/zipball/dde1db116511aa4956389d75546c5be4c2beb2a6",
                "reference": "dde1db116511aa4956389d75546c5be4c2beb2a6",
                "shasum": ""
            },
            "require": {
                "ext-ctype": "*",
                "php": ">=5.0.0"
            },
            "require-dev": {
                "doctrine/annotations": "1.2.*",
                "jms/serializer": "0.16.*",
                "phpdocumentor/phpdocumentor": "2.*",
                "phpunit/phpunit": "4.8.*",
                "symfony/debug": "2.8.*",
                "symfony/filesystem": "2.8.*",
                "symfony/translation": "2.8.*",
                "symfony/yaml": "2.8.*",
                "zendframework/zend-cache": "2.5.1",
                "zendframework/zend-config": "2.5.1",
                "zendframework/zend-eventmanager": "2.5.1",
                "zendframework/zend-filter": "2.5.1",
                "zendframework/zend-i18n": "2.5.1",
                "zendframework/zend-json": "2.5.1",
                "zendframework/zend-math": "2.5.1",
                "zendframework/zend-serializer": "2.5.*",
                "zendframework/zend-servicemanager": "2.5.*",
                "zendframework/zend-stdlib": "2.5.1"
            },
            "suggest": {
                "league/oauth2-google": "Needed for Google XOAUTH2 authentication"
            },
            "type": "library",
            "autoload": {
                "classmap": [
                    "class.phpmailer.php",
                    "class.phpmaileroauth.php",
                    "class.phpmaileroauthgoogle.php",
                    "class.smtp.php",
                    "class.pop3.php",
                    "extras/EasyPeasyICS.php",
                    "extras/ntlm_sasl_client.php"
                ]
            },
            "notification-url": "https://packagist.org/downloads/",
            "license": [
                "LGPL-2.1"
            ],
            "authors": [
                {
                    "name": "Jim Jagielski",
                    "email": "jimjag@gmail.com"
                },
                {
                    "name": "Marcus Bointon",
                    "email": "phpmailer@synchromedia.co.uk"
                },
                {
                    "name": "Andy Prevost",
                    "email": "codeworxtech@users.sourceforge.net"
                },
                {
                    "name": "Brent R. Matzelle"
                }
            ],
            "description": "PHPMailer is a full-featured email creation and transfer class for PHP",
            "time": "2018-11-15T22:32:31+00:00"
        },
        {
            "name": "phpxmlrpc/phpxmlrpc",
            "version": "4.3.1",
            "source": {
                "type": "git",
                "url": "https://github.com/gggeek/phpxmlrpc.git",
                "reference": "95f8828db62a6cb0e7a725136e75f12536892082"
            },
            "dist": {
                "type": "zip",
                "url": "https://api.github.com/repos/gggeek/phpxmlrpc/zipball/95f8828db62a6cb0e7a725136e75f12536892082",
                "reference": "95f8828db62a6cb0e7a725136e75f12536892082",
                "shasum": ""
            },
            "require": {
                "ext-xml": "*",
                "php": ">=5.3.0"
            },
            "require-dev": {
                "codeclimate/php-test-reporter": "dev-master",
                "docbook/docbook-xsl": "~1.78",
                "ext-curl": "*",
                "ext-mbstring": "*",
                "indeyets/pake": "~1.99",
                "phpunit/phpunit": ">=4.0.0, <6.0.0",
                "phpunit/phpunit-selenium": "*",
                "sami/sami": "~3.1"
            },
            "suggest": {
                "ext-curl": "Needed for HTTPS and HTTP 1.1 support, NTLM Auth etc...",
                "ext-mbstring": "Needed to allow reception of requests/responses in character sets other than ASCII,LATIN-1,UTF-8",
                "ext-zlib": "Needed for sending compressed requests and receiving compressed responses, if cURL is not available"
            },
            "type": "library",
            "autoload": {
                "psr-4": {
                    "PhpXmlRpc\\": "src/"
                }
            },
            "notification-url": "https://packagist.org/downloads/",
            "license": [
                "BSD-3-Clause"
            ],
            "description": "A php library for building xmlrpc clients and servers",
            "homepage": "http://gggeek.github.io/phpxmlrpc/",
            "keywords": [
                "webservices",
                "xmlrpc"
            ],
            "time": "2018-01-20T15:17:09+00:00"
        },
        {
            "name": "psr/cache",
            "version": "1.0.1",
            "source": {
                "type": "git",
                "url": "https://github.com/php-fig/cache.git",
                "reference": "d11b50ad223250cf17b86e38383413f5a6764bf8"
            },
            "dist": {
                "type": "zip",
                "url": "https://api.github.com/repos/php-fig/cache/zipball/d11b50ad223250cf17b86e38383413f5a6764bf8",
                "reference": "d11b50ad223250cf17b86e38383413f5a6764bf8",
                "shasum": ""
            },
            "require": {
                "php": ">=5.3.0"
            },
            "type": "library",
            "extra": {
                "branch-alias": {
                    "dev-master": "1.0.x-dev"
                }
            },
            "autoload": {
                "psr-4": {
                    "Psr\\Cache\\": "src/"
                }
            },
            "notification-url": "https://packagist.org/downloads/",
            "license": [
                "MIT"
            ],
            "authors": [
                {
                    "name": "PHP-FIG",
                    "homepage": "http://www.php-fig.org/"
                }
            ],
            "description": "Common interface for caching libraries",
            "keywords": [
                "cache",
                "psr",
                "psr-6"
            ],
            "time": "2016-08-06T20:24:11+00:00"
        },
        {
            "name": "psr/log",
            "version": "1.1.0",
            "source": {
                "type": "git",
                "url": "https://github.com/php-fig/log.git",
                "reference": "6c001f1daafa3a3ac1d8ff69ee4db8e799a654dd"
            },
            "dist": {
                "type": "zip",
                "url": "https://api.github.com/repos/php-fig/log/zipball/6c001f1daafa3a3ac1d8ff69ee4db8e799a654dd",
                "reference": "6c001f1daafa3a3ac1d8ff69ee4db8e799a654dd",
                "shasum": ""
            },
            "require": {
                "php": ">=5.3.0"
            },
            "type": "library",
            "extra": {
                "branch-alias": {
                    "dev-master": "1.0.x-dev"
                }
            },
            "autoload": {
                "psr-4": {
                    "Psr\\Log\\": "Psr/Log/"
                }
            },
            "notification-url": "https://packagist.org/downloads/",
            "license": [
                "MIT"
            ],
            "authors": [
                {
                    "name": "PHP-FIG",
                    "homepage": "http://www.php-fig.org/"
                }
            ],
            "description": "Common interface for logging libraries",
            "homepage": "https://github.com/php-fig/log",
            "keywords": [
                "log",
                "psr",
                "psr-3"
            ],
            "time": "2018-11-20T15:27:04+00:00"
        },
        {
            "name": "psr/simple-cache",
            "version": "1.0.1",
            "source": {
                "type": "git",
                "url": "https://github.com/php-fig/simple-cache.git",
                "reference": "408d5eafb83c57f6365a3ca330ff23aa4a5fa39b"
            },
            "dist": {
                "type": "zip",
                "url": "https://api.github.com/repos/php-fig/simple-cache/zipball/408d5eafb83c57f6365a3ca330ff23aa4a5fa39b",
                "reference": "408d5eafb83c57f6365a3ca330ff23aa4a5fa39b",
                "shasum": ""
            },
            "require": {
                "php": ">=5.3.0"
            },
            "type": "library",
            "extra": {
                "branch-alias": {
                    "dev-master": "1.0.x-dev"
                }
            },
            "autoload": {
                "psr-4": {
                    "Psr\\SimpleCache\\": "src/"
                }
            },
            "notification-url": "https://packagist.org/downloads/",
            "license": [
                "MIT"
            ],
            "authors": [
                {
                    "name": "PHP-FIG",
                    "homepage": "http://www.php-fig.org/"
                }
            ],
            "description": "Common interfaces for simple caching",
            "keywords": [
                "cache",
                "caching",
                "psr",
                "psr-16",
                "simple-cache"
            ],
            "time": "2017-10-23T01:57:42+00:00"
        },
        {
            "name": "robthree/twofactorauth",
            "version": "1.6.5",
            "source": {
                "type": "git",
                "url": "https://github.com/RobThree/TwoFactorAuth.git",
                "reference": "f5f58a4c62d0336a0e6175856894a51f3565dad2"
            },
            "dist": {
                "type": "zip",
                "url": "https://api.github.com/repos/RobThree/TwoFactorAuth/zipball/f5f58a4c62d0336a0e6175856894a51f3565dad2",
                "reference": "f5f58a4c62d0336a0e6175856894a51f3565dad2",
                "shasum": ""
            },
            "require": {
                "php": ">=5.3.0"
            },
            "require-dev": {
                "phpunit/phpunit": "@stable"
            },
            "type": "library",
            "autoload": {
                "psr-4": {
                    "RobThree\\Auth\\": "lib"
                }
            },
            "notification-url": "https://packagist.org/downloads/",
            "license": [
                "MIT"
            ],
            "authors": [
                {
                    "name": "Rob Janssen",
                    "homepage": "http://robiii.me",
                    "role": "Developer"
                }
            ],
            "description": "Two Factor Authentication",
            "homepage": "https://github.com/RobThree/TwoFactorAuth",
            "keywords": [
                "Authentication",
                "MFA",
                "Multi Factor Authentication",
                "Two Factor Authentication",
                "authenticator",
                "authy",
                "php",
                "tfa"
            ],
            "time": "2018-06-09T10:09:59+00:00"
        },
        {
            "name": "simplepie/simplepie",
            "version": "1.5.2",
            "source": {
                "type": "git",
                "url": "https://github.com/simplepie/simplepie.git",
                "reference": "0e8fe72132dad765d25db4cabc69a91139af1263"
            },
            "dist": {
                "type": "zip",
                "url": "https://api.github.com/repos/simplepie/simplepie/zipball/0e8fe72132dad765d25db4cabc69a91139af1263",
                "reference": "0e8fe72132dad765d25db4cabc69a91139af1263",
                "shasum": ""
            },
            "require": {
                "ext-pcre": "*",
                "ext-xml": "*",
                "ext-xmlreader": "*",
                "php": ">=5.6.0"
            },
            "require-dev": {
                "phpunit/phpunit": "~5.4.3 || ~6.5"
            },
            "suggest": {
                "ext-curl": "",
                "ext-iconv": "",
                "ext-intl": "",
                "ext-mbstring": "",
                "mf2/mf2": "Microformat module that allows for parsing HTML for microformats"
            },
            "type": "library",
            "autoload": {
                "psr-0": {
                    "SimplePie": "library"
                }
            },
            "notification-url": "https://packagist.org/downloads/",
            "license": [
                "BSD-3-Clause"
            ],
            "authors": [
                {
                    "name": "Ryan Parman",
                    "homepage": "http://ryanparman.com/",
                    "role": "Creator, alumnus developer"
                },
                {
                    "name": "Geoffrey Sneddon",
                    "homepage": "http://gsnedders.com/",
                    "role": "Alumnus developer"
                },
                {
                    "name": "Ryan McCue",
                    "email": "me@ryanmccue.info",
                    "homepage": "http://ryanmccue.info/",
                    "role": "Developer"
                }
            ],
            "description": "A simple Atom/RSS parsing library for PHP",
            "homepage": "http://simplepie.org/",
            "keywords": [
                "atom",
                "feeds",
                "rss"
            ],
            "time": "2018-08-02T05:43:58+00:00"
        },
        {
            "name": "splitbrain/php-archive",
            "version": "1.1.1",
            "source": {
                "type": "git",
                "url": "https://github.com/splitbrain/php-archive.git",
                "reference": "10d89013572ba1f4d4ad7fcb74860242f4c3860b"
            },
            "dist": {
                "type": "zip",
                "url": "https://api.github.com/repos/splitbrain/php-archive/zipball/10d89013572ba1f4d4ad7fcb74860242f4c3860b",
                "reference": "10d89013572ba1f4d4ad7fcb74860242f4c3860b",
                "shasum": ""
            },
            "require": {
                "php": ">=5.4"
            },
            "require-dev": {
                "ext-bz2": "*",
                "ext-zip": "*",
                "mikey179/vfsstream": "^1.6",
                "phpunit/phpunit": "^4.8"
            },
            "suggest": {
                "ext-iconv": "Used for proper filename encode handling",
                "ext-mbstring": "Can be used alternatively for handling filename encoding"
            },
            "type": "library",
            "autoload": {
                "psr-4": {
                    "splitbrain\\PHPArchive\\": "src"
                }
            },
            "notification-url": "https://packagist.org/downloads/",
            "license": [
                "MIT"
            ],
            "authors": [
                {
                    "name": "Andreas Gohr",
                    "email": "andi@splitbrain.org"
                }
            ],
            "description": "Pure-PHP implementation to read and write TAR and ZIP archives",
            "keywords": [
                "archive",
                "extract",
                "tar",
                "unpack",
                "unzip",
                "zip"
            ],
            "time": "2018-09-09T12:13:53+00:00"
        }
    ],
    "packages-dev": [],
    "aliases": [],
    "minimum-stability": "stable",
    "stability-flags": [],
    "prefer-stable": false,
    "prefer-lowest": false,
    "platform": [],
    "platform-dev": []
}
